// !$*UTF8*$!
{
	archiveVersion = 1;
	classes = {
	};
	objectVersion = 51;
	objects = {

/* Begin PBXBuildFile section */
		1F0026AA2593B3870099ED73 /* ScreenFactory.swift in Sources */ = {isa = PBXBuildFile; fileRef = 1F0026A92593B3870099ED73 /* ScreenFactory.swift */; };
		1F10467C258A3E9A00D5CBAC /* Reviews.json in Resources */ = {isa = PBXBuildFile; fileRef = 1F10467B258A3E9A00D5CBAC /* Reviews.json */; };
		1F10467F258A3FE300D5CBAC /* ReviewsService.swift in Sources */ = {isa = PBXBuildFile; fileRef = 1F10467E258A3FE300D5CBAC /* ReviewsService.swift */; };
		1F104684258A401400D5CBAC /* ReviewModel.swift in Sources */ = {isa = PBXBuildFile; fileRef = 1F104683258A401400D5CBAC /* ReviewModel.swift */; };
		1F104688258A7E7000D5CBAC /* ReviewsViewModel.swift in Sources */ = {isa = PBXBuildFile; fileRef = 1F104687258A7E7000D5CBAC /* ReviewsViewModel.swift */; };
		1F10468B258A7ED200D5CBAC /* ReviewsViewController.swift in Sources */ = {isa = PBXBuildFile; fileRef = 1F10468A258A7ED200D5CBAC /* ReviewsViewController.swift */; };
		1F6DE7E6259861A500CFC008 /* RestaurantViewModel.swift in Sources */ = {isa = PBXBuildFile; fileRef = 1F6DE7E5259861A500CFC008 /* RestaurantViewModel.swift */; };
		1F6DE7EE2598FC4C00CFC008 /* Relay+Toggle.swift in Sources */ = {isa = PBXBuildFile; fileRef = 1F6DE7ED2598FC4C00CFC008 /* Relay+Toggle.swift */; };
		1F6F3F812584A6300087C231 /* RestaurantModel.swift in Sources */ = {isa = PBXBuildFile; fileRef = 1F6F3F802584A6300087C231 /* RestaurantModel.swift */; };
		1F6F3F872584A6890087C231 /* Restaurants.json in Resources */ = {isa = PBXBuildFile; fileRef = 1F6F3F862584A6890087C231 /* Restaurants.json */; };
		1F6F3F8B2584A6ED0087C231 /* Response.swift in Sources */ = {isa = PBXBuildFile; fileRef = 1F6F3F8A2584A6ED0087C231 /* Response.swift */; };
		1F6F3F912584A7730087C231 /* RestaurantsService.swift in Sources */ = {isa = PBXBuildFile; fileRef = 1F6F3F902584A7730087C231 /* RestaurantsService.swift */; };
		1F6F3F942584A8380087C231 /* FileService.swift in Sources */ = {isa = PBXBuildFile; fileRef = 1F6F3F932584A8380087C231 /* FileService.swift */; };
		1F6F3F992584AC270087C231 /* RestaurantListViewModel.swift in Sources */ = {isa = PBXBuildFile; fileRef = 1F6F3F982584AC270087C231 /* RestaurantListViewModel.swift */; };
		1FA30ACC2583B8D60057C6B6 /* AppDelegate.swift in Sources */ = {isa = PBXBuildFile; fileRef = 1FA30ACB2583B8D60057C6B6 /* AppDelegate.swift */; };
		1FA30ACE2583B8D60057C6B6 /* SceneDelegate.swift in Sources */ = {isa = PBXBuildFile; fileRef = 1FA30ACD2583B8D60057C6B6 /* SceneDelegate.swift */; };
		1FA30AD02583B8D60057C6B6 /* RestaurantsViewController.swift in Sources */ = {isa = PBXBuildFile; fileRef = 1FA30ACF2583B8D60057C6B6 /* RestaurantsViewController.swift */; };
		1FA30AD52583B8D80057C6B6 /* Assets.xcassets in Resources */ = {isa = PBXBuildFile; fileRef = 1FA30AD42583B8D80057C6B6 /* Assets.xcassets */; };
		1FA30AD82583B8D80057C6B6 /* LaunchScreen.storyboard in Resources */ = {isa = PBXBuildFile; fileRef = 1FA30AD62583B8D80057C6B6 /* LaunchScreen.storyboard */; };
		1FA30AE9258499660057C6B6 /* AppCoordinator.swift in Sources */ = {isa = PBXBuildFile; fileRef = 1FA30AE8258499660057C6B6 /* AppCoordinator.swift */; };
		1FD01C9D258B215400CE758E /* RestaurantCell.swift in Sources */ = {isa = PBXBuildFile; fileRef = 1FD01C9C258B215400CE758E /* RestaurantCell.swift */; };
		1FF3AE76258DDD4400E4BDA8 /* Debug.swift in Sources */ = {isa = PBXBuildFile; fileRef = 1FF3AE75258DDD4400E4BDA8 /* Debug.swift */; };
		1FF3AE7F258E302200E4BDA8 /* RestaurantsViewModelTests.swift in Sources */ = {isa = PBXBuildFile; fileRef = 1FF3AE7E258E302200E4BDA8 /* RestaurantsViewModelTests.swift */; };
		52A358C375B85B3DCE4AA48E /* Pods_RX.framework in Frameworks */ = {isa = PBXBuildFile; fileRef = D29566532F3CF1C9E975FC36 /* Pods_RX.framework */; };
		A40ACA257BC788A558479789 /* Pods_RX_RXTests.framework in Frameworks */ = {isa = PBXBuildFile; fileRef = 2FDD1B4A1AC71DB7EDA7B4D5 /* Pods_RX_RXTests.framework */; };
/* End PBXBuildFile section */

/* Begin PBXContainerItemProxy section */
		1FF3AE81258E302200E4BDA8 /* PBXContainerItemProxy */ = {
			isa = PBXContainerItemProxy;
			containerPortal = 1FA30AC02583B8D60057C6B6 /* Project object */;
			proxyType = 1;
			remoteGlobalIDString = 1FA30AC72583B8D60057C6B6;
			remoteInfo = RX;
		};
/* End PBXContainerItemProxy section */

/* Begin PBXFileReference section */
		1F0026A92593B3870099ED73 /* ScreenFactory.swift */ = {isa = PBXFileReference; lastKnownFileType = sourcecode.swift; path = ScreenFactory.swift; sourceTree = "<group>"; };
		1F10467B258A3E9A00D5CBAC /* Reviews.json */ = {isa = PBXFileReference; lastKnownFileType = text.json; path = Reviews.json; sourceTree = "<group>"; };
		1F10467E258A3FE300D5CBAC /* ReviewsService.swift */ = {isa = PBXFileReference; lastKnownFileType = sourcecode.swift; path = ReviewsService.swift; sourceTree = "<group>"; };
		1F104683258A401400D5CBAC /* ReviewModel.swift */ = {isa = PBXFileReference; lastKnownFileType = sourcecode.swift; path = ReviewModel.swift; sourceTree = "<group>"; };
		1F104687258A7E7000D5CBAC /* ReviewsViewModel.swift */ = {isa = PBXFileReference; lastKnownFileType = sourcecode.swift; path = ReviewsViewModel.swift; sourceTree = "<group>"; };
		1F10468A258A7ED200D5CBAC /* ReviewsViewController.swift */ = {isa = PBXFileReference; lastKnownFileType = sourcecode.swift; path = ReviewsViewController.swift; sourceTree = "<group>"; };
		1F6DE7E5259861A500CFC008 /* RestaurantViewModel.swift */ = {isa = PBXFileReference; lastKnownFileType = sourcecode.swift; path = RestaurantViewModel.swift; sourceTree = "<group>"; };
		1F6DE7ED2598FC4C00CFC008 /* Relay+Toggle.swift */ = {isa = PBXFileReference; lastKnownFileType = sourcecode.swift; path = "Relay+Toggle.swift"; sourceTree = "<group>"; };
		1F6F3F802584A6300087C231 /* RestaurantModel.swift */ = {isa = PBXFileReference; lastKnownFileType = sourcecode.swift; path = RestaurantModel.swift; sourceTree = "<group>"; };
		1F6F3F862584A6890087C231 /* Restaurants.json */ = {isa = PBXFileReference; lastKnownFileType = text.json; path = Restaurants.json; sourceTree = "<group>"; };
		1F6F3F8A2584A6ED0087C231 /* Response.swift */ = {isa = PBXFileReference; lastKnownFileType = sourcecode.swift; path = Response.swift; sourceTree = "<group>"; };
		1F6F3F902584A7730087C231 /* RestaurantsService.swift */ = {isa = PBXFileReference; lastKnownFileType = sourcecode.swift; path = RestaurantsService.swift; sourceTree = "<group>"; };
		1F6F3F932584A8380087C231 /* FileService.swift */ = {isa = PBXFileReference; lastKnownFileType = sourcecode.swift; path = FileService.swift; sourceTree = "<group>"; };
		1F6F3F982584AC270087C231 /* RestaurantListViewModel.swift */ = {isa = PBXFileReference; lastKnownFileType = sourcecode.swift; path = RestaurantListViewModel.swift; sourceTree = "<group>"; };
		1FA30AC82583B8D60057C6B6 /* RX.app */ = {isa = PBXFileReference; explicitFileType = wrapper.application; includeInIndex = 0; path = RX.app; sourceTree = BUILT_PRODUCTS_DIR; };
		1FA30ACB2583B8D60057C6B6 /* AppDelegate.swift */ = {isa = PBXFileReference; lastKnownFileType = sourcecode.swift; path = AppDelegate.swift; sourceTree = "<group>"; };
		1FA30ACD2583B8D60057C6B6 /* SceneDelegate.swift */ = {isa = PBXFileReference; lastKnownFileType = sourcecode.swift; path = SceneDelegate.swift; sourceTree = "<group>"; };
		1FA30ACF2583B8D60057C6B6 /* RestaurantsViewController.swift */ = {isa = PBXFileReference; lastKnownFileType = sourcecode.swift; path = RestaurantsViewController.swift; sourceTree = "<group>"; };
		1FA30AD42583B8D80057C6B6 /* Assets.xcassets */ = {isa = PBXFileReference; lastKnownFileType = folder.assetcatalog; path = Assets.xcassets; sourceTree = "<group>"; };
		1FA30AD72583B8D80057C6B6 /* Base */ = {isa = PBXFileReference; lastKnownFileType = file.storyboard; name = Base; path = Base.lproj/LaunchScreen.storyboard; sourceTree = "<group>"; };
		1FA30AD92583B8D80057C6B6 /* Info.plist */ = {isa = PBXFileReference; lastKnownFileType = text.plist.xml; path = Info.plist; sourceTree = "<group>"; };
		1FA30AE8258499660057C6B6 /* AppCoordinator.swift */ = {isa = PBXFileReference; lastKnownFileType = sourcecode.swift; path = AppCoordinator.swift; sourceTree = "<group>"; };
		1FD01C9C258B215400CE758E /* RestaurantCell.swift */ = {isa = PBXFileReference; lastKnownFileType = sourcecode.swift; path = RestaurantCell.swift; sourceTree = "<group>"; };
		1FF3AE75258DDD4400E4BDA8 /* Debug.swift */ = {isa = PBXFileReference; lastKnownFileType = sourcecode.swift; path = Debug.swift; sourceTree = "<group>"; };
		1FF3AE7C258E302200E4BDA8 /* RXTests.xctest */ = {isa = PBXFileReference; explicitFileType = wrapper.cfbundle; includeInIndex = 0; path = RXTests.xctest; sourceTree = BUILT_PRODUCTS_DIR; };
		1FF3AE7E258E302200E4BDA8 /* RestaurantsViewModelTests.swift */ = {isa = PBXFileReference; lastKnownFileType = sourcecode.swift; path = RestaurantsViewModelTests.swift; sourceTree = "<group>"; };
		1FF3AE80258E302200E4BDA8 /* Info.plist */ = {isa = PBXFileReference; lastKnownFileType = text.plist.xml; path = Info.plist; sourceTree = "<group>"; };
		2FDD1B4A1AC71DB7EDA7B4D5 /* Pods_RX_RXTests.framework */ = {isa = PBXFileReference; explicitFileType = wrapper.framework; includeInIndex = 0; path = Pods_RX_RXTests.framework; sourceTree = BUILT_PRODUCTS_DIR; };
		377E7EF9414CE54DA02775CD /* Pods-RX-RXTests.debug.xcconfig */ = {isa = PBXFileReference; includeInIndex = 1; lastKnownFileType = text.xcconfig; name = "Pods-RX-RXTests.debug.xcconfig"; path = "Target Support Files/Pods-RX-RXTests/Pods-RX-RXTests.debug.xcconfig"; sourceTree = "<group>"; };
		8CD826E5804E9BDB0E74AA11 /* Pods-RX-RXTests.release.xcconfig */ = {isa = PBXFileReference; includeInIndex = 1; lastKnownFileType = text.xcconfig; name = "Pods-RX-RXTests.release.xcconfig"; path = "Target Support Files/Pods-RX-RXTests/Pods-RX-RXTests.release.xcconfig"; sourceTree = "<group>"; };
		D29566532F3CF1C9E975FC36 /* Pods_RX.framework */ = {isa = PBXFileReference; explicitFileType = wrapper.framework; includeInIndex = 0; path = Pods_RX.framework; sourceTree = BUILT_PRODUCTS_DIR; };
		DFC8F5545AA64E8966C96043 /* Pods-RX.debug.xcconfig */ = {isa = PBXFileReference; includeInIndex = 1; lastKnownFileType = text.xcconfig; name = "Pods-RX.debug.xcconfig"; path = "Target Support Files/Pods-RX/Pods-RX.debug.xcconfig"; sourceTree = "<group>"; };
		FB0788A972CA004323174C25 /* Pods-RX.release.xcconfig */ = {isa = PBXFileReference; includeInIndex = 1; lastKnownFileType = text.xcconfig; name = "Pods-RX.release.xcconfig"; path = "Target Support Files/Pods-RX/Pods-RX.release.xcconfig"; sourceTree = "<group>"; };
/* End PBXFileReference section */

/* Begin PBXFrameworksBuildPhase section */
		1FA30AC52583B8D60057C6B6 /* Frameworks */ = {
			isa = PBXFrameworksBuildPhase;
			buildActionMask = 2147483647;
			files = (
				52A358C375B85B3DCE4AA48E /* Pods_RX.framework in Frameworks */,
			);
			runOnlyForDeploymentPostprocessing = 0;
		};
		1FF3AE79258E302200E4BDA8 /* Frameworks */ = {
			isa = PBXFrameworksBuildPhase;
			buildActionMask = 2147483647;
			files = (
				A40ACA257BC788A558479789 /* Pods_RX_RXTests.framework in Frameworks */,
			);
			runOnlyForDeploymentPostprocessing = 0;
		};
/* End PBXFrameworksBuildPhase section */

/* Begin PBXGroup section */
		1F10445A2587E03300D5CBAC /* Services */ = {
			isa = PBXGroup;
			children = (
				1F10467E258A3FE300D5CBAC /* ReviewsService.swift */,
				1F6F3F902584A7730087C231 /* RestaurantsService.swift */,
				1F6F3F932584A8380087C231 /* FileService.swift */,
				1F6F3F8A2584A6ED0087C231 /* Response.swift */,
				1FF3AE75258DDD4400E4BDA8 /* Debug.swift */,
				1F6DE7ED2598FC4C00CFC008 /* Relay+Toggle.swift */,
			);
			path = Services;
			sourceTree = "<group>";
		};
		1F104682258A400C00D5CBAC /* Reviews */ = {
			isa = PBXGroup;
			children = (
				1F104683258A401400D5CBAC /* ReviewModel.swift */,
				1F104687258A7E7000D5CBAC /* ReviewsViewModel.swift */,
				1F10468A258A7ED200D5CBAC /* ReviewsViewController.swift */,
			);
			path = Reviews;
			sourceTree = "<group>";
		};
		1F6F3F7F2584A6170087C231 /* System */ = {
			isa = PBXGroup;
			children = (
				1F0026A92593B3870099ED73 /* ScreenFactory.swift */,
				1FA30AE8258499660057C6B6 /* AppCoordinator.swift */,
				1FA30AD42583B8D80057C6B6 /* Assets.xcassets */,
				1FA30AD62583B8D80057C6B6 /* LaunchScreen.storyboard */,
				1FA30ACD2583B8D60057C6B6 /* SceneDelegate.swift */,
				1FA30ACB2583B8D60057C6B6 /* AppDelegate.swift */,
			);
			path = System;
			sourceTree = "<group>";
		};
		1F6F3F852584A6780087C231 /* Data */ = {
			isa = PBXGroup;
			children = (
				1F6F3F862584A6890087C231 /* Restaurants.json */,
				1F10467B258A3E9A00D5CBAC /* Reviews.json */,
			);
			path = Data;
			sourceTree = "<group>";
		};
		1F6F3F8D2584A7250087C231 /* Restaurants */ = {
			isa = PBXGroup;
			children = (
				1F6F3F802584A6300087C231 /* RestaurantModel.swift */,
				1F6DE7E5259861A500CFC008 /* RestaurantViewModel.swift */,
				1F6F3F982584AC270087C231 /* RestaurantListViewModel.swift */,
				1FA30ACF2583B8D60057C6B6 /* RestaurantsViewController.swift */,
				1FD01C9C258B215400CE758E /* RestaurantCell.swift */,
			);
			path = Restaurants;
			sourceTree = "<group>";
		};
		1FA30ABF2583B8D60057C6B6 = {
			isa = PBXGroup;
			children = (
				1FA30ACA2583B8D60057C6B6 /* RX */,
				1FF3AE7D258E302200E4BDA8 /* RXTests */,
				1FA30AC92583B8D60057C6B6 /* Products */,
				4413937E54865B0B5F70767C /* Pods */,
				C8BC35633CB294CF16028C70 /* Frameworks */,
			);
			sourceTree = "<group>";
		};
		1FA30AC92583B8D60057C6B6 /* Products */ = {
			isa = PBXGroup;
			children = (
				1FA30AC82583B8D60057C6B6 /* RX.app */,
				1FF3AE7C258E302200E4BDA8 /* RXTests.xctest */,
			);
			name = Products;
			sourceTree = "<group>";
		};
		1FA30ACA2583B8D60057C6B6 /* RX */ = {
			isa = PBXGroup;
			children = (
				1F104682258A400C00D5CBAC /* Reviews */,
				1F6F3F8D2584A7250087C231 /* Restaurants */,
				1F10445A2587E03300D5CBAC /* Services */,
				1F6F3F852584A6780087C231 /* Data */,
				1F6F3F7F2584A6170087C231 /* System */,
				1FA30AD92583B8D80057C6B6 /* Info.plist */,
			);
			path = RX;
			sourceTree = "<group>";
		};
		1FF3AE7D258E302200E4BDA8 /* RXTests */ = {
			isa = PBXGroup;
			children = (
				1FF3AE7E258E302200E4BDA8 /* RestaurantsViewModelTests.swift */,
				1FF3AE80258E302200E4BDA8 /* Info.plist */,
			);
			path = RXTests;
			sourceTree = "<group>";
		};
		4413937E54865B0B5F70767C /* Pods */ = {
			isa = PBXGroup;
			children = (
				DFC8F5545AA64E8966C96043 /* Pods-RX.debug.xcconfig */,
				FB0788A972CA004323174C25 /* Pods-RX.release.xcconfig */,
				377E7EF9414CE54DA02775CD /* Pods-RX-RXTests.debug.xcconfig */,
				8CD826E5804E9BDB0E74AA11 /* Pods-RX-RXTests.release.xcconfig */,
			);
			path = Pods;
			sourceTree = "<group>";
		};
		C8BC35633CB294CF16028C70 /* Frameworks */ = {
			isa = PBXGroup;
			children = (
				D29566532F3CF1C9E975FC36 /* Pods_RX.framework */,
				2FDD1B4A1AC71DB7EDA7B4D5 /* Pods_RX_RXTests.framework */,
			);
			name = Frameworks;
			sourceTree = "<group>";
		};
/* End PBXGroup section */

/* Begin PBXNativeTarget section */
		1FA30AC72583B8D60057C6B6 /* RX */ = {
			isa = PBXNativeTarget;
			buildConfigurationList = 1FA30ADC2583B8D80057C6B6 /* Build configuration list for PBXNativeTarget "RX" */;
			buildPhases = (
				B6C4076BADB09001D025B536 /* [CP] Check Pods Manifest.lock */,
				1FA30AC42583B8D60057C6B6 /* Sources */,
				1FA30AC52583B8D60057C6B6 /* Frameworks */,
				1FA30AC62583B8D60057C6B6 /* Resources */,
				3C9F5B994BD3A82DEB25688D /* [CP] Embed Pods Frameworks */,
			);
			buildRules = (
			);
			dependencies = (
			);
			name = RX;
			productName = RX;
			productReference = 1FA30AC82583B8D60057C6B6 /* RX.app */;
			productType = "com.apple.product-type.application";
		};
		1FF3AE7B258E302200E4BDA8 /* RXTests */ = {
			isa = PBXNativeTarget;
			buildConfigurationList = 1FF3AE85258E302200E4BDA8 /* Build configuration list for PBXNativeTarget "RXTests" */;
			buildPhases = (
				7716965CCA15FC19A003DE60 /* [CP] Check Pods Manifest.lock */,
				1FF3AE78258E302200E4BDA8 /* Sources */,
				1FF3AE79258E302200E4BDA8 /* Frameworks */,
				1FF3AE7A258E302200E4BDA8 /* Resources */,
				81348AD5A833A88DC164F3CD /* [CP] Embed Pods Frameworks */,
			);
			buildRules = (
			);
			dependencies = (
				1FF3AE82258E302200E4BDA8 /* PBXTargetDependency */,
			);
			name = RXTests;
			productName = RXTests;
			productReference = 1FF3AE7C258E302200E4BDA8 /* RXTests.xctest */;
			productType = "com.apple.product-type.bundle.unit-test";
		};
/* End PBXNativeTarget section */

/* Begin PBXProject section */
		1FA30AC02583B8D60057C6B6 /* Project object */ = {
			isa = PBXProject;
			attributes = {
				LastSwiftUpdateCheck = 1220;
				LastUpgradeCheck = 1220;
				TargetAttributes = {
					1FA30AC72583B8D60057C6B6 = {
						CreatedOnToolsVersion = 12.2;
					};
					1FF3AE7B258E302200E4BDA8 = {
						CreatedOnToolsVersion = 12.2;
						TestTargetID = 1FA30AC72583B8D60057C6B6;
					};
				};
			};
			buildConfigurationList = 1FA30AC32583B8D60057C6B6 /* Build configuration list for PBXProject "RX" */;
			compatibilityVersion = "Xcode 9.3";
			developmentRegion = en;
			hasScannedForEncodings = 0;
			knownRegions = (
				en,
				Base,
			);
			mainGroup = 1FA30ABF2583B8D60057C6B6;
			productRefGroup = 1FA30AC92583B8D60057C6B6 /* Products */;
			projectDirPath = "";
			projectRoot = "";
			targets = (
				1FA30AC72583B8D60057C6B6 /* RX */,
				1FF3AE7B258E302200E4BDA8 /* RXTests */,
			);
		};
/* End PBXProject section */

/* Begin PBXResourcesBuildPhase section */
		1FA30AC62583B8D60057C6B6 /* Resources */ = {
			isa = PBXResourcesBuildPhase;
			buildActionMask = 2147483647;
			files = (
				1F6F3F872584A6890087C231 /* Restaurants.json in Resources */,
				1F10467C258A3E9A00D5CBAC /* Reviews.json in Resources */,
				1FA30AD82583B8D80057C6B6 /* LaunchScreen.storyboard in Resources */,
				1FA30AD52583B8D80057C6B6 /* Assets.xcassets in Resources */,
			);
			runOnlyForDeploymentPostprocessing = 0;
		};
		1FF3AE7A258E302200E4BDA8 /* Resources */ = {
			isa = PBXResourcesBuildPhase;
			buildActionMask = 2147483647;
			files = (
			);
			runOnlyForDeploymentPostprocessing = 0;
		};
/* End PBXResourcesBuildPhase section */

/* Begin PBXShellScriptBuildPhase section */
		3C9F5B994BD3A82DEB25688D /* [CP] Embed Pods Frameworks */ = {
			isa = PBXShellScriptBuildPhase;
			buildActionMask = 2147483647;
			files = (
			);
			inputFileListPaths = (
				"${PODS_ROOT}/Target Support Files/Pods-RX/Pods-RX-frameworks-${CONFIGURATION}-input-files.xcfilelist",
			);
			name = "[CP] Embed Pods Frameworks";
			outputFileListPaths = (
				"${PODS_ROOT}/Target Support Files/Pods-RX/Pods-RX-frameworks-${CONFIGURATION}-output-files.xcfilelist",
			);
			runOnlyForDeploymentPostprocessing = 0;
			shellPath = /bin/sh;
			shellScript = "\"${PODS_ROOT}/Target Support Files/Pods-RX/Pods-RX-frameworks.sh\"\n";
			showEnvVarsInLog = 0;
		};
		7716965CCA15FC19A003DE60 /* [CP] Check Pods Manifest.lock */ = {
			isa = PBXShellScriptBuildPhase;
			buildActionMask = 2147483647;
			files = (
			);
			inputFileListPaths = (
			);
			inputPaths = (
				"${PODS_PODFILE_DIR_PATH}/Podfile.lock",
				"${PODS_ROOT}/Manifest.lock",
			);
			name = "[CP] Check Pods Manifest.lock";
			outputFileListPaths = (
			);
			outputPaths = (
				"$(DERIVED_FILE_DIR)/Pods-RX-RXTests-checkManifestLockResult.txt",
			);
			runOnlyForDeploymentPostprocessing = 0;
			shellPath = /bin/sh;
			shellScript = "diff \"${PODS_PODFILE_DIR_PATH}/Podfile.lock\" \"${PODS_ROOT}/Manifest.lock\" > /dev/null\nif [ $? != 0 ] ; then\n    # print error to STDERR\n    echo \"error: The sandbox is not in sync with the Podfile.lock. Run 'pod install' or update your CocoaPods installation.\" >&2\n    exit 1\nfi\n# This output is used by Xcode 'outputs' to avoid re-running this script phase.\necho \"SUCCESS\" > \"${SCRIPT_OUTPUT_FILE_0}\"\n";
			showEnvVarsInLog = 0;
		};
		81348AD5A833A88DC164F3CD /* [CP] Embed Pods Frameworks */ = {
			isa = PBXShellScriptBuildPhase;
			buildActionMask = 2147483647;
			files = (
			);
			inputFileListPaths = (
				"${PODS_ROOT}/Target Support Files/Pods-RX-RXTests/Pods-RX-RXTests-frameworks-${CONFIGURATION}-input-files.xcfilelist",
			);
			name = "[CP] Embed Pods Frameworks";
			outputFileListPaths = (
				"${PODS_ROOT}/Target Support Files/Pods-RX-RXTests/Pods-RX-RXTests-frameworks-${CONFIGURATION}-output-files.xcfilelist",
			);
			runOnlyForDeploymentPostprocessing = 0;
			shellPath = /bin/sh;
			shellScript = "\"${PODS_ROOT}/Target Support Files/Pods-RX-RXTests/Pods-RX-RXTests-frameworks.sh\"\n";
			showEnvVarsInLog = 0;
		};
		B6C4076BADB09001D025B536 /* [CP] Check Pods Manifest.lock */ = {
			isa = PBXShellScriptBuildPhase;
			buildActionMask = 2147483647;
			files = (
			);
			inputFileListPaths = (
			);
			inputPaths = (
				"${PODS_PODFILE_DIR_PATH}/Podfile.lock",
				"${PODS_ROOT}/Manifest.lock",
			);
			name = "[CP] Check Pods Manifest.lock";
			outputFileListPaths = (
			);
			outputPaths = (
				"$(DERIVED_FILE_DIR)/Pods-RX-checkManifestLockResult.txt",
			);
			runOnlyForDeploymentPostprocessing = 0;
			shellPath = /bin/sh;
			shellScript = "diff \"${PODS_PODFILE_DIR_PATH}/Podfile.lock\" \"${PODS_ROOT}/Manifest.lock\" > /dev/null\nif [ $? != 0 ] ; then\n    # print error to STDERR\n    echo \"error: The sandbox is not in sync with the Podfile.lock. Run 'pod install' or update your CocoaPods installation.\" >&2\n    exit 1\nfi\n# This output is used by Xcode 'outputs' to avoid re-running this script phase.\necho \"SUCCESS\" > \"${SCRIPT_OUTPUT_FILE_0}\"\n";
			showEnvVarsInLog = 0;
		};
/* End PBXShellScriptBuildPhase section */

/* Begin PBXSourcesBuildPhase section */
		1FA30AC42583B8D60057C6B6 /* Sources */ = {
			isa = PBXSourcesBuildPhase;
			buildActionMask = 2147483647;
			files = (
				1F6F3F812584A6300087C231 /* RestaurantModel.swift in Sources */,
				1FF3AE76258DDD4400E4BDA8 /* Debug.swift in Sources */,
				1F10467F258A3FE300D5CBAC /* ReviewsService.swift in Sources */,
				1F104688258A7E7000D5CBAC /* ReviewsViewModel.swift in Sources */,
				1FA30AE9258499660057C6B6 /* AppCoordinator.swift in Sources */,
				1FA30AD02583B8D60057C6B6 /* RestaurantsViewController.swift in Sources */,
				1FA30ACC2583B8D60057C6B6 /* AppDelegate.swift in Sources */,
				1FD01C9D258B215400CE758E /* RestaurantCell.swift in Sources */,
				1F0026AA2593B3870099ED73 /* ScreenFactory.swift in Sources */,
				1F6F3F8B2584A6ED0087C231 /* Response.swift in Sources */,
				1FA30ACE2583B8D60057C6B6 /* SceneDelegate.swift in Sources */,
				1F10468B258A7ED200D5CBAC /* ReviewsViewController.swift in Sources */,
				1F6F3F912584A7730087C231 /* RestaurantsService.swift in Sources */,
				1F104684258A401400D5CBAC /* ReviewModel.swift in Sources */,
				1F6F3F992584AC270087C231 /* RestaurantListViewModel.swift in Sources */,
				1F6DE7EE2598FC4C00CFC008 /* Relay+Toggle.swift in Sources */,
				1F6F3F942584A8380087C231 /* FileService.swift in Sources */,
				1F6DE7E6259861A500CFC008 /* RestaurantViewModel.swift in Sources */,
			);
			runOnlyForDeploymentPostprocessing = 0;
		};
		1FF3AE78258E302200E4BDA8 /* Sources */ = {
			isa = PBXSourcesBuildPhase;
			buildActionMask = 2147483647;
			files = (
				1FF3AE7F258E302200E4BDA8 /* RestaurantsViewModelTests.swift in Sources */,
			);
			runOnlyForDeploymentPostprocessing = 0;
		};
/* End PBXSourcesBuildPhase section */

/* Begin PBXTargetDependency section */
		1FF3AE82258E302200E4BDA8 /* PBXTargetDependency */ = {
			isa = PBXTargetDependency;
			target = 1FA30AC72583B8D60057C6B6 /* RX */;
			targetProxy = 1FF3AE81258E302200E4BDA8 /* PBXContainerItemProxy */;
		};
/* End PBXTargetDependency section */

/* Begin PBXVariantGroup section */
		1FA30AD62583B8D80057C6B6 /* LaunchScreen.storyboard */ = {
			isa = PBXVariantGroup;
			children = (
				1FA30AD72583B8D80057C6B6 /* Base */,
			);
			name = LaunchScreen.storyboard;
			sourceTree = "<group>";
		};
/* End PBXVariantGroup section */

/* Begin XCBuildConfiguration section */
		1FA30ADA2583B8D80057C6B6 /* Debug */ = {
			isa = XCBuildConfiguration;
			buildSettings = {
				ALWAYS_SEARCH_USER_PATHS = NO;
				CLANG_ANALYZER_NONNULL = YES;
				CLANG_ANALYZER_NUMBER_OBJECT_CONVERSION = YES_AGGRESSIVE;
				CLANG_CXX_LANGUAGE_STANDARD = "gnu++14";
				CLANG_CXX_LIBRARY = "libc++";
				CLANG_ENABLE_MODULES = YES;
				CLANG_ENABLE_OBJC_ARC = YES;
				CLANG_ENABLE_OBJC_WEAK = YES;
				CLANG_WARN_BLOCK_CAPTURE_AUTORELEASING = YES;
				CLANG_WARN_BOOL_CONVERSION = YES;
				CLANG_WARN_COMMA = YES;
				CLANG_WARN_CONSTANT_CONVERSION = YES;
				CLANG_WARN_DEPRECATED_OBJC_IMPLEMENTATIONS = YES;
				CLANG_WARN_DIRECT_OBJC_ISA_USAGE = YES_ERROR;
				CLANG_WARN_DOCUMENTATION_COMMENTS = YES;
				CLANG_WARN_EMPTY_BODY = YES;
				CLANG_WARN_ENUM_CONVERSION = YES;
				CLANG_WARN_INFINITE_RECURSION = YES;
				CLANG_WARN_INT_CONVERSION = YES;
				CLANG_WARN_NON_LITERAL_NULL_CONVERSION = YES;
				CLANG_WARN_OBJC_IMPLICIT_RETAIN_SELF = YES;
				CLANG_WARN_OBJC_LITERAL_CONVERSION = YES;
				CLANG_WARN_OBJC_ROOT_CLASS = YES_ERROR;
				CLANG_WARN_QUOTED_INCLUDE_IN_FRAMEWORK_HEADER = YES;
				CLANG_WARN_RANGE_LOOP_ANALYSIS = YES;
				CLANG_WARN_STRICT_PROTOTYPES = YES;
				CLANG_WARN_SUSPICIOUS_MOVE = YES;
				CLANG_WARN_UNGUARDED_AVAILABILITY = YES_AGGRESSIVE;
				CLANG_WARN_UNREACHABLE_CODE = YES;
				CLANG_WARN__DUPLICATE_METHOD_MATCH = YES;
				COPY_PHASE_STRIP = NO;
				DEBUG_INFORMATION_FORMAT = dwarf;
				ENABLE_STRICT_OBJC_MSGSEND = YES;
				ENABLE_TESTABILITY = YES;
				GCC_C_LANGUAGE_STANDARD = gnu11;
				GCC_DYNAMIC_NO_PIC = NO;
				GCC_NO_COMMON_BLOCKS = YES;
				GCC_OPTIMIZATION_LEVEL = 0;
				GCC_PREPROCESSOR_DEFINITIONS = (
					"DEBUG=1",
					"$(inherited)",
				);
				GCC_WARN_64_TO_32_BIT_CONVERSION = YES;
				GCC_WARN_ABOUT_RETURN_TYPE = YES_ERROR;
				GCC_WARN_UNDECLARED_SELECTOR = YES;
				GCC_WARN_UNINITIALIZED_AUTOS = YES_AGGRESSIVE;
				GCC_WARN_UNUSED_FUNCTION = YES;
				GCC_WARN_UNUSED_VARIABLE = YES;
				IPHONEOS_DEPLOYMENT_TARGET = 14.2;
				MTL_ENABLE_DEBUG_INFO = INCLUDE_SOURCE;
				MTL_FAST_MATH = YES;
				ONLY_ACTIVE_ARCH = YES;
				SDKROOT = iphoneos;
				SWIFT_ACTIVE_COMPILATION_CONDITIONS = DEBUG;
				SWIFT_OPTIMIZATION_LEVEL = "-Onone";
			};
			name = Debug;
		};
		1FA30ADB2583B8D80057C6B6 /* Release */ = {
			isa = XCBuildConfiguration;
			buildSettings = {
				ALWAYS_SEARCH_USER_PATHS = NO;
				CLANG_ANALYZER_NONNULL = YES;
				CLANG_ANALYZER_NUMBER_OBJECT_CONVERSION = YES_AGGRESSIVE;
				CLANG_CXX_LANGUAGE_STANDARD = "gnu++14";
				CLANG_CXX_LIBRARY = "libc++";
				CLANG_ENABLE_MODULES = YES;
				CLANG_ENABLE_OBJC_ARC = YES;
				CLANG_ENABLE_OBJC_WEAK = YES;
				CLANG_WARN_BLOCK_CAPTURE_AUTORELEASING = YES;
				CLANG_WARN_BOOL_CONVERSION = YES;
				CLANG_WARN_COMMA = YES;
				CLANG_WARN_CONSTANT_CONVERSION = YES;
				CLANG_WARN_DEPRECATED_OBJC_IMPLEMENTATIONS = YES;
				CLANG_WARN_DIRECT_OBJC_ISA_USAGE = YES_ERROR;
				CLANG_WARN_DOCUMENTATION_COMMENTS = YES;
				CLANG_WARN_EMPTY_BODY = YES;
				CLANG_WARN_ENUM_CONVERSION = YES;
				CLANG_WARN_INFINITE_RECURSION = YES;
				CLANG_WARN_INT_CONVERSION = YES;
				CLANG_WARN_NON_LITERAL_NULL_CONVERSION = YES;
				CLANG_WARN_OBJC_IMPLICIT_RETAIN_SELF = YES;
				CLANG_WARN_OBJC_LITERAL_CONVERSION = YES;
				CLANG_WARN_OBJC_ROOT_CLASS = YES_ERROR;
				CLANG_WARN_QUOTED_INCLUDE_IN_FRAMEWORK_HEADER = YES;
				CLANG_WARN_RANGE_LOOP_ANALYSIS = YES;
				CLANG_WARN_STRICT_PROTOTYPES = YES;
				CLANG_WARN_SUSPICIOUS_MOVE = YES;
				CLANG_WARN_UNGUARDED_AVAILABILITY = YES_AGGRESSIVE;
				CLANG_WARN_UNREACHABLE_CODE = YES;
				CLANG_WARN__DUPLICATE_METHOD_MATCH = YES;
				COPY_PHASE_STRIP = NO;
				DEBUG_INFORMATION_FORMAT = "dwarf-with-dsym";
				ENABLE_NS_ASSERTIONS = NO;
				ENABLE_STRICT_OBJC_MSGSEND = YES;
				GCC_C_LANGUAGE_STANDARD = gnu11;
				GCC_NO_COMMON_BLOCKS = YES;
				GCC_WARN_64_TO_32_BIT_CONVERSION = YES;
				GCC_WARN_ABOUT_RETURN_TYPE = YES_ERROR;
				GCC_WARN_UNDECLARED_SELECTOR = YES;
				GCC_WARN_UNINITIALIZED_AUTOS = YES_AGGRESSIVE;
				GCC_WARN_UNUSED_FUNCTION = YES;
				GCC_WARN_UNUSED_VARIABLE = YES;
				IPHONEOS_DEPLOYMENT_TARGET = 14.2;
				MTL_ENABLE_DEBUG_INFO = NO;
				MTL_FAST_MATH = YES;
				SDKROOT = iphoneos;
				SWIFT_COMPILATION_MODE = wholemodule;
				SWIFT_OPTIMIZATION_LEVEL = "-O";
				VALIDATE_PRODUCT = YES;
			};
			name = Release;
		};
		1FA30ADD2583B8D80057C6B6 /* Debug */ = {
			isa = XCBuildConfiguration;
			baseConfigurationReference = DFC8F5545AA64E8966C96043 /* Pods-RX.debug.xcconfig */;
			buildSettings = {
				ASSETCATALOG_COMPILER_APPICON_NAME = AppIcon;
				ASSETCATALOG_COMPILER_GLOBAL_ACCENT_COLOR_NAME = AccentColor;
				CODE_SIGN_STYLE = Automatic;
				DEVELOPMENT_TEAM = S422Q897FZ;
				INFOPLIST_FILE = RX/Info.plist;
				LD_RUNPATH_SEARCH_PATHS = (
					"$(inherited)",
					"@executable_path/Frameworks",
				);
				PRODUCT_BUNDLE_IDENTIFIER = com.ysoftware.RX;
				PRODUCT_NAME = "$(TARGET_NAME)";
				SWIFT_VERSION = 5.0;
				TARGETED_DEVICE_FAMILY = "1,2";
			};
			name = Debug;
		};
		1FA30ADE2583B8D80057C6B6 /* Release */ = {
			isa = XCBuildConfiguration;
			baseConfigurationReference = FB0788A972CA004323174C25 /* Pods-RX.release.xcconfig */;
			buildSettings = {
				ASSETCATALOG_COMPILER_APPICON_NAME = AppIcon;
				ASSETCATALOG_COMPILER_GLOBAL_ACCENT_COLOR_NAME = AccentColor;
				CODE_SIGN_STYLE = Automatic;
				DEVELOPMENT_TEAM = S422Q897FZ;
				INFOPLIST_FILE = RX/Info.plist;
				LD_RUNPATH_SEARCH_PATHS = (
					"$(inherited)",
					"@executable_path/Frameworks",
				);
				PRODUCT_BUNDLE_IDENTIFIER = com.ysoftware.RX;
				PRODUCT_NAME = "$(TARGET_NAME)";
				SWIFT_VERSION = 5.0;
				TARGETED_DEVICE_FAMILY = "1,2";
			};
			name = Release;
		};
		1FF3AE83258E302200E4BDA8 /* Debug */ = {
			isa = XCBuildConfiguration;
			baseConfigurationReference = 377E7EF9414CE54DA02775CD /* Pods-RX-RXTests.debug.xcconfig */;
			buildSettings = {
				BUNDLE_LOADER = "$(TEST_HOST)";
				CODE_SIGN_STYLE = Automatic;
				DEVELOPMENT_TEAM = S422Q897FZ;
				INFOPLIST_FILE = RXTests/Info.plist;
				LD_RUNPATH_SEARCH_PATHS = (
					"$(inherited)",
					"@executable_path/Frameworks",
					"@loader_path/Frameworks",
				);
				PRODUCT_BUNDLE_IDENTIFIER = com.ysoftware.RXTests;
				PRODUCT_NAME = "$(TARGET_NAME)";
				SWIFT_VERSION = 5.0;
				TARGETED_DEVICE_FAMILY = "1,2";
				TEST_HOST = "$(BUILT_PRODUCTS_DIR)/RX.app/RX";
			};
			name = Debug;
		};
		1FF3AE84258E302200E4BDA8 /* Release */ = {
			isa = XCBuildConfiguration;
			baseConfigurationReference = 8CD826E5804E9BDB0E74AA11 /* Pods-RX-RXTests.release.xcconfig */;
			buildSettings = {
				BUNDLE_LOADER = "$(TEST_HOST)";
				CODE_SIGN_STYLE = Automatic;
				DEVELOPMENT_TEAM = S422Q897FZ;
				INFOPLIST_FILE = RXTests/Info.plist;
				LD_RUNPATH_SEARCH_PATHS = (
					"$(inherited)",
					"@executable_path/Frameworks",
					"@loader_path/Frameworks",
				);
				PRODUCT_BUNDLE_IDENTIFIER = com.ysoftware.RXTests;
				PRODUCT_NAME = "$(TARGET_NAME)";
				SWIFT_VERSION = 5.0;
				TARGETED_DEVICE_FAMILY = "1,2";
				TEST_HOST = "$(BUILT_PRODUCTS_DIR)/RX.app/RX";
			};
			name = Release;
		};
/* End XCBuildConfiguration section */

/* Begin XCConfigurationList section */
		1FA30AC32583B8D60057C6B6 /* Build configuration list for PBXProject "RX" */ = {
			isa = XCConfigurationList;
			buildConfigurations = (
				1FA30ADA2583B8D80057C6B6 /* Debug */,
				1FA30ADB2583B8D80057C6B6 /* Release */,
			);
			defaultConfigurationIsVisible = 0;
			defaultConfigurationName = Release;
		};
		1FA30ADC2583B8D80057C6B6 /* Build configuration list for PBXNativeTarget "RX" */ = {
			isa = XCConfigurationList;
			buildConfigurations = (
				1FA30ADD2583B8D80057C6B6 /* Debug */,
				1FA30ADE2583B8D80057C6B6 /* Release */,
			);
			defaultConfigurationIsVisible = 0;
			defaultConfigurationName = Release;
		};
		1FF3AE85258E302200E4BDA8 /* Build configuration list for PBXNativeTarget "RXTests" */ = {
			isa = XCConfigurationList;
			buildConfigurations = (
				1FF3AE83258E302200E4BDA8 /* Debug */,
				1FF3AE84258E302200E4BDA8 /* Release */,
			);
			defaultConfigurationIsVisible = 0;
			defaultConfigurationName = Release;
		};
/* End XCConfigurationList section */
	};
	rootObject = 1FA30AC02583B8D60057C6B6 /* Project object */;
}
